
Microsoft Visual Studio Solution File, Format Version 12.00
# Visual Studio 14
VisualStudioVersion = 14.0.25420.1
MinimumVisualStudioVersion = 10.0.40219.1
Project("{FAE04EC0-301F-11D3-BF4B-00C04F79EFBC}") = "TfsBot.Application", ".\TfsBot.Application\TfsBot.Application.csproj", "{A8BA1066-5695-4D71-ABB4-65E5A5E0C3D4}"
EndProject
Project("{FAE04EC0-301F-11D3-BF4B-00C04F79EFBC}") = "TfsBot.Common", "src\TfsBot.Common\TfsBot.Common.csproj", "{CC06BC15-F2F9-4B01-93D2-11488F4F91F0}"
EndProject
Global
	GlobalSection(SolutionConfigurationPlatforms) = preSolution
		Debug|Any CPU = Debug|Any CPU
		Release|Any CPU = Release|Any CPU
	EndGlobalSection
	GlobalSection(ProjectConfigurationPlatforms) = postSolution
		{A8BA1066-5695-4D71-ABB4-65E5A5E0C3D4}.Debug|Any CPU.ActiveCfg = Debug|Any CPU
		{A8BA1066-5695-4D71-ABB4-65E5A5E0C3D4}.Debug|Any CPU.Build.0 = Debug|Any CPU
		{A8BA1066-5695-4D71-ABB4-65E5A5E0C3D4}.Release|Any CPU.ActiveCfg = Release|Any CPU
		{A8BA1066-5695-4D71-ABB4-65E5A5E0C3D4}.Release|Any CPU.Build.0 = Release|Any CPU
		{CC06BC15-F2F9-4B01-93D2-11488F4F91F0}.Debug|Any CPU.ActiveCfg = Debug|Any CPU
		{CC06BC15-F2F9-4B01-93D2-11488F4F91F0}.Debug|Any CPU.Build.0 = Debug|Any CPU
		{CC06BC15-F2F9-4B01-93D2-11488F4F91F0}.Release|Any CPU.ActiveCfg = Release|Any CPU
		{CC06BC15-F2F9-4B01-93D2-11488F4F91F0}.Release|Any CPU.Build.0 = Release|Any CPU
	EndGlobalSection
	GlobalSection(SolutionProperties) = preSolution
		HideSolutionNode = FALSE
	EndGlobalSection
EndGlobal
